// !$*UTF8*$!
{
	archiveVersion = 1;
	classes = {
	};
	objectVersion = 56;
	objects = {

/* Begin PBXBuildFile section */
		8DBB017129B2CF260071D27C /* BuWizzBridgeApp.swift in Sources */ = {isa = PBXBuildFile; fileRef = 8DBB017029B2CF260071D27C /* BuWizzBridgeApp.swift */; };
		8DBB017529B2CF270071D27C /* Assets.xcassets in Resources */ = {isa = PBXBuildFile; fileRef = 8DBB017429B2CF270071D27C /* Assets.xcassets */; };
		8DBB017929B2CF270071D27C /* Preview Assets.xcassets in Resources */ = {isa = PBXBuildFile; fileRef = 8DBB017829B2CF270071D27C /* Preview Assets.xcassets */; };
		8DBB018329B2CF270071D27C /* BuWizzBridgeTests.swift in Sources */ = {isa = PBXBuildFile; fileRef = 8DBB018229B2CF270071D27C /* BuWizzBridgeTests.swift */; };
		8DBB018D29B2CF270071D27C /* BuWizzBridgeUITests.swift in Sources */ = {isa = PBXBuildFile; fileRef = 8DBB018C29B2CF270071D27C /* BuWizzBridgeUITests.swift */; };
		8DBB018F29B2CF270071D27C /* BuWizzBridgeUITestsLaunchTests.swift in Sources */ = {isa = PBXBuildFile; fileRef = 8DBB018E29B2CF270071D27C /* BuWizzBridgeUITestsLaunchTests.swift */; };
		8DBB01A729B2CFE30071D27C /* ContentView.swift in Sources */ = {isa = PBXBuildFile; fileRef = 8DBB019D29B2CFE30071D27C /* ContentView.swift */; };
		8DBB01A829B2CFE30071D27C /* BuWizz.swift in Sources */ = {isa = PBXBuildFile; fileRef = 8DBB019E29B2CFE30071D27C /* BuWizz.swift */; };
		8DBB01A929B2CFE30071D27C /* VehicleBuilder.swift in Sources */ = {isa = PBXBuildFile; fileRef = 8DBB019F29B2CFE30071D27C /* VehicleBuilder.swift */; };
		8DBB01AA29B2CFE30071D27C /* ConnectionManager.swift in Sources */ = {isa = PBXBuildFile; fileRef = 8DBB01A029B2CFE30071D27C /* ConnectionManager.swift */; };
		8DBB01AB29B2CFE30071D27C /* VehicleManager.swift in Sources */ = {isa = PBXBuildFile; fileRef = 8DBB01A129B2CFE30071D27C /* VehicleManager.swift */; };
		8DBB01AC29B2CFE30071D27C /* GamepadScanner.swift in Sources */ = {isa = PBXBuildFile; fileRef = 8DBB01A229B2CFE30071D27C /* GamepadScanner.swift */; };
		8DBB01AD29B2CFE30071D27C /* RalfVehicle.swift in Sources */ = {isa = PBXBuildFile; fileRef = 8DBB01A429B2CFE30071D27C /* RalfVehicle.swift */; };
		8DE35B4729B2FAED0056A7E3 /* LogRow.swift in Sources */ = {isa = PBXBuildFile; fileRef = 8DE35B4629B2FAED0056A7E3 /* LogRow.swift */; };
		8DE35B4A29B2FB2F0056A7E3 /* Log.swift in Sources */ = {isa = PBXBuildFile; fileRef = 8DE35B4929B2FB2F0056A7E3 /* Log.swift */; };
		8DE35B4C29B2FC6C0056A7E3 /* Colors.swift in Sources */ = {isa = PBXBuildFile; fileRef = 8DE35B4B29B2FC6C0056A7E3 /* Colors.swift */; };
		8DE35B4E29B2FE490056A7E3 /* LogView.swift in Sources */ = {isa = PBXBuildFile; fileRef = 8DE35B4D29B2FE490056A7E3 /* LogView.swift */; };
		8DE35B5029B2FF240056A7E3 /* Event.swift in Sources */ = {isa = PBXBuildFile; fileRef = 8DE35B4F29B2FF240056A7E3 /* Event.swift */; };
		8DE35B5229B30AA20056A7E3 /* StatusView.swift in Sources */ = {isa = PBXBuildFile; fileRef = 8DE35B5129B30AA20056A7E3 /* StatusView.swift */; };
		8DE35B5429B4BB550056A7E3 /* Vehicle.swift in Sources */ = {isa = PBXBuildFile; fileRef = 8DE35B5329B4BB550056A7E3 /* Vehicle.swift */; };
		8DE35B5729B4BEAF0056A7E3 /* SimpleVehicle.swift in Sources */ = {isa = PBXBuildFile; fileRef = 8DE35B5629B4BEAF0056A7E3 /* SimpleVehicle.swift */; };
/* End PBXBuildFile section */

/* Begin PBXContainerItemProxy section */
		8DBB017F29B2CF270071D27C /* PBXContainerItemProxy */ = {
			isa = PBXContainerItemProxy;
			containerPortal = 8DBB016529B2CF260071D27C /* Project object */;
			proxyType = 1;
			remoteGlobalIDString = 8DBB016C29B2CF260071D27C;
			remoteInfo = BuWizzBridge;
		};
		8DBB018929B2CF270071D27C /* PBXContainerItemProxy */ = {
			isa = PBXContainerItemProxy;
			containerPortal = 8DBB016529B2CF260071D27C /* Project object */;
			proxyType = 1;
			remoteGlobalIDString = 8DBB016C29B2CF260071D27C;
			remoteInfo = BuWizzBridge;
		};
/* End PBXContainerItemProxy section */

/* Begin PBXFileReference section */
		8DBB016D29B2CF260071D27C /* BuWizzBridge.app */ = {isa = PBXFileReference; explicitFileType = wrapper.application; includeInIndex = 0; path = BuWizzBridge.app; sourceTree = BUILT_PRODUCTS_DIR; };
		8DBB017029B2CF260071D27C /* BuWizzBridgeApp.swift */ = {isa = PBXFileReference; lastKnownFileType = sourcecode.swift; path = BuWizzBridgeApp.swift; sourceTree = "<group>"; };
		8DBB017429B2CF270071D27C /* Assets.xcassets */ = {isa = PBXFileReference; lastKnownFileType = folder.assetcatalog; path = Assets.xcassets; sourceTree = "<group>"; };
		8DBB017629B2CF270071D27C /* BuWizzBridge.entitlements */ = {isa = PBXFileReference; lastKnownFileType = text.plist.entitlements; path = BuWizzBridge.entitlements; sourceTree = "<group>"; };
		8DBB017829B2CF270071D27C /* Preview Assets.xcassets */ = {isa = PBXFileReference; lastKnownFileType = folder.assetcatalog; path = "Preview Assets.xcassets"; sourceTree = "<group>"; };
		8DBB017E29B2CF270071D27C /* BuWizzBridgeTests.xctest */ = {isa = PBXFileReference; explicitFileType = wrapper.cfbundle; includeInIndex = 0; path = BuWizzBridgeTests.xctest; sourceTree = BUILT_PRODUCTS_DIR; };
		8DBB018229B2CF270071D27C /* BuWizzBridgeTests.swift */ = {isa = PBXFileReference; lastKnownFileType = sourcecode.swift; path = BuWizzBridgeTests.swift; sourceTree = "<group>"; };
		8DBB018829B2CF270071D27C /* BuWizzBridgeUITests.xctest */ = {isa = PBXFileReference; explicitFileType = wrapper.cfbundle; includeInIndex = 0; path = BuWizzBridgeUITests.xctest; sourceTree = BUILT_PRODUCTS_DIR; };
		8DBB018C29B2CF270071D27C /* BuWizzBridgeUITests.swift */ = {isa = PBXFileReference; lastKnownFileType = sourcecode.swift; path = BuWizzBridgeUITests.swift; sourceTree = "<group>"; };
		8DBB018E29B2CF270071D27C /* BuWizzBridgeUITestsLaunchTests.swift */ = {isa = PBXFileReference; lastKnownFileType = sourcecode.swift; path = BuWizzBridgeUITestsLaunchTests.swift; sourceTree = "<group>"; };
		8DBB019D29B2CFE30071D27C /* ContentView.swift */ = {isa = PBXFileReference; fileEncoding = 4; lastKnownFileType = sourcecode.swift; path = ContentView.swift; sourceTree = "<group>"; };
		8DBB019E29B2CFE30071D27C /* BuWizz.swift */ = {isa = PBXFileReference; fileEncoding = 4; lastKnownFileType = sourcecode.swift; path = BuWizz.swift; sourceTree = "<group>"; };
		8DBB019F29B2CFE30071D27C /* VehicleBuilder.swift */ = {isa = PBXFileReference; fileEncoding = 4; lastKnownFileType = sourcecode.swift; path = VehicleBuilder.swift; sourceTree = "<group>"; };
		8DBB01A029B2CFE30071D27C /* ConnectionManager.swift */ = {isa = PBXFileReference; fileEncoding = 4; lastKnownFileType = sourcecode.swift; path = ConnectionManager.swift; sourceTree = "<group>"; };
		8DBB01A129B2CFE30071D27C /* VehicleManager.swift */ = {isa = PBXFileReference; fileEncoding = 4; lastKnownFileType = sourcecode.swift; path = VehicleManager.swift; sourceTree = "<group>"; };
		8DBB01A229B2CFE30071D27C /* GamepadScanner.swift */ = {isa = PBXFileReference; fileEncoding = 4; lastKnownFileType = sourcecode.swift; path = GamepadScanner.swift; sourceTree = "<group>"; };
		8DBB01A429B2CFE30071D27C /* RalfVehicle.swift */ = {isa = PBXFileReference; fileEncoding = 4; lastKnownFileType = sourcecode.swift; path = RalfVehicle.swift; sourceTree = "<group>"; };
		8DE35B4629B2FAED0056A7E3 /* LogRow.swift */ = {isa = PBXFileReference; lastKnownFileType = sourcecode.swift; path = LogRow.swift; sourceTree = "<group>"; };
		8DE35B4929B2FB2F0056A7E3 /* Log.swift */ = {isa = PBXFileReference; lastKnownFileType = sourcecode.swift; path = Log.swift; sourceTree = "<group>"; };
		8DE35B4B29B2FC6C0056A7E3 /* Colors.swift */ = {isa = PBXFileReference; lastKnownFileType = sourcecode.swift; path = Colors.swift; sourceTree = "<group>"; };
		8DE35B4D29B2FE490056A7E3 /* LogView.swift */ = {isa = PBXFileReference; lastKnownFileType = sourcecode.swift; path = LogView.swift; sourceTree = "<group>"; };
		8DE35B4F29B2FF240056A7E3 /* Event.swift */ = {isa = PBXFileReference; lastKnownFileType = sourcecode.swift; path = Event.swift; sourceTree = "<group>"; };
		8DE35B5129B30AA20056A7E3 /* StatusView.swift */ = {isa = PBXFileReference; lastKnownFileType = sourcecode.swift; path = StatusView.swift; sourceTree = "<group>"; };
		8DE35B5329B4BB550056A7E3 /* Vehicle.swift */ = {isa = PBXFileReference; lastKnownFileType = sourcecode.swift; path = Vehicle.swift; sourceTree = "<group>"; };
		8DE35B5629B4BEAF0056A7E3 /* SimpleVehicle.swift */ = {isa = PBXFileReference; lastKnownFileType = sourcecode.swift; path = SimpleVehicle.swift; sourceTree = "<group>"; };
/* End PBXFileReference section */

/* Begin PBXFrameworksBuildPhase section */
		8DBB016A29B2CF260071D27C /* Frameworks */ = {
			isa = PBXFrameworksBuildPhase;
			buildActionMask = 2147483647;
			files = (
			);
			runOnlyForDeploymentPostprocessing = 0;
		};
		8DBB017B29B2CF270071D27C /* Frameworks */ = {
			isa = PBXFrameworksBuildPhase;
			buildActionMask = 2147483647;
			files = (
			);
			runOnlyForDeploymentPostprocessing = 0;
		};
		8DBB018529B2CF270071D27C /* Frameworks */ = {
			isa = PBXFrameworksBuildPhase;
			buildActionMask = 2147483647;
			files = (
			);
			runOnlyForDeploymentPostprocessing = 0;
		};
/* End PBXFrameworksBuildPhase section */

/* Begin PBXGroup section */
		8DBB016429B2CF260071D27C = {
			isa = PBXGroup;
			children = (
				8DBB016F29B2CF260071D27C /* BuWizzBridge */,
				8DBB018129B2CF270071D27C /* BuWizzBridgeTests */,
				8DBB018B29B2CF270071D27C /* BuWizzBridgeUITests */,
				8DBB016E29B2CF260071D27C /* Products */,
			);
			sourceTree = "<group>";
		};
		8DBB016E29B2CF260071D27C /* Products */ = {
			isa = PBXGroup;
			children = (
				8DBB016D29B2CF260071D27C /* BuWizzBridge.app */,
				8DBB017E29B2CF270071D27C /* BuWizzBridgeTests.xctest */,
				8DBB018829B2CF270071D27C /* BuWizzBridgeUITests.xctest */,
			);
			name = Products;
			sourceTree = "<group>";
		};
		8DBB016F29B2CF260071D27C /* BuWizzBridge */ = {
			isa = PBXGroup;
			children = (
				8DBB017029B2CF260071D27C /* BuWizzBridgeApp.swift */,
				8DBB019D29B2CFE30071D27C /* ContentView.swift */,
				8DE35B4829B2FB160056A7E3 /* Info */,
				8DBB01AE29B2CFF60071D27C /* Hardware */,
				8DE35B4429B2FA580056A7E3 /* Vehicle */,
				8DE35B4529B2FA840056A7E3 /* View */,
				8DBB017429B2CF270071D27C /* Assets.xcassets */,
				8DBB017629B2CF270071D27C /* BuWizzBridge.entitlements */,
				8DBB017729B2CF270071D27C /* Preview Content */,
			);
			path = BuWizzBridge;
			sourceTree = "<group>";
		};
		8DBB017729B2CF270071D27C /* Preview Content */ = {
			isa = PBXGroup;
			children = (
				8DBB017829B2CF270071D27C /* Preview Assets.xcassets */,
			);
			path = "Preview Content";
			sourceTree = "<group>";
		};
		8DBB018129B2CF270071D27C /* BuWizzBridgeTests */ = {
			isa = PBXGroup;
			children = (
				8DBB018229B2CF270071D27C /* BuWizzBridgeTests.swift */,
			);
			path = BuWizzBridgeTests;
			sourceTree = "<group>";
		};
		8DBB018B29B2CF270071D27C /* BuWizzBridgeUITests */ = {
			isa = PBXGroup;
			children = (
				8DBB018C29B2CF270071D27C /* BuWizzBridgeUITests.swift */,
				8DBB018E29B2CF270071D27C /* BuWizzBridgeUITestsLaunchTests.swift */,
			);
			path = BuWizzBridgeUITests;
			sourceTree = "<group>";
		};
		8DBB01AE29B2CFF60071D27C /* Hardware */ = {
			isa = PBXGroup;
			children = (
				8DBB019E29B2CFE30071D27C /* BuWizz.swift */,
				8DBB01A029B2CFE30071D27C /* ConnectionManager.swift */,
				8DBB01A229B2CFE30071D27C /* GamepadScanner.swift */,
			);
			path = Hardware;
			sourceTree = "<group>";
		};
		8DE35B4429B2FA580056A7E3 /* Vehicle */ = {
			isa = PBXGroup;
			children = (
				8DE35B5529B4BE950056A7E3 /* Instances */,
				8DBB019F29B2CFE30071D27C /* VehicleBuilder.swift */,
				8DBB01A129B2CFE30071D27C /* VehicleManager.swift */,
				8DE35B5329B4BB550056A7E3 /* Vehicle.swift */,
			);
			path = Vehicle;
			sourceTree = "<group>";
		};
		8DE35B4529B2FA840056A7E3 /* View */ = {
			isa = PBXGroup;
			children = (
				8DE35B4629B2FAED0056A7E3 /* LogRow.swift */,
				8DE35B4B29B2FC6C0056A7E3 /* Colors.swift */,
				8DE35B4D29B2FE490056A7E3 /* LogView.swift */,
				8DE35B5129B30AA20056A7E3 /* StatusView.swift */,
			);
			path = View;
			sourceTree = "<group>";
		};
		8DE35B4829B2FB160056A7E3 /* Info */ = {
			isa = PBXGroup;
			children = (
				8DE35B4929B2FB2F0056A7E3 /* Log.swift */,
				8DE35B4F29B2FF240056A7E3 /* Event.swift */,
			);
			path = Info;
			sourceTree = "<group>";
		};
		8DE35B5529B4BE950056A7E3 /* Instances */ = {
			isa = PBXGroup;
			children = (
				8DBB01A429B2CFE30071D27C /* RalfVehicle.swift */,
				8DE35B5629B4BEAF0056A7E3 /* SimpleVehicle.swift */,
			);
			path = Instances;
			sourceTree = "<group>";
		};
/* End PBXGroup section */

/* Begin PBXNativeTarget section */
		8DBB016C29B2CF260071D27C /* BuWizzBridge */ = {
			isa = PBXNativeTarget;
			buildConfigurationList = 8DBB019229B2CF270071D27C /* Build configuration list for PBXNativeTarget "BuWizzBridge" */;
			buildPhases = (
				8DBB016929B2CF260071D27C /* Sources */,
				8DBB016A29B2CF260071D27C /* Frameworks */,
				8DBB016B29B2CF260071D27C /* Resources */,
			);
			buildRules = (
			);
			dependencies = (
			);
			name = BuWizzBridge;
			productName = BuWizzBridge;
			productReference = 8DBB016D29B2CF260071D27C /* BuWizzBridge.app */;
			productType = "com.apple.product-type.application";
		};
		8DBB017D29B2CF270071D27C /* BuWizzBridgeTests */ = {
			isa = PBXNativeTarget;
			buildConfigurationList = 8DBB019529B2CF270071D27C /* Build configuration list for PBXNativeTarget "BuWizzBridgeTests" */;
			buildPhases = (
				8DBB017A29B2CF270071D27C /* Sources */,
				8DBB017B29B2CF270071D27C /* Frameworks */,
				8DBB017C29B2CF270071D27C /* Resources */,
			);
			buildRules = (
			);
			dependencies = (
				8DBB018029B2CF270071D27C /* PBXTargetDependency */,
			);
			name = BuWizzBridgeTests;
			productName = BuWizzBridgeTests;
			productReference = 8DBB017E29B2CF270071D27C /* BuWizzBridgeTests.xctest */;
			productType = "com.apple.product-type.bundle.unit-test";
		};
		8DBB018729B2CF270071D27C /* BuWizzBridgeUITests */ = {
			isa = PBXNativeTarget;
			buildConfigurationList = 8DBB019829B2CF270071D27C /* Build configuration list for PBXNativeTarget "BuWizzBridgeUITests" */;
			buildPhases = (
				8DBB018429B2CF270071D27C /* Sources */,
				8DBB018529B2CF270071D27C /* Frameworks */,
				8DBB018629B2CF270071D27C /* Resources */,
			);
			buildRules = (
			);
			dependencies = (
				8DBB018A29B2CF270071D27C /* PBXTargetDependency */,
			);
			name = BuWizzBridgeUITests;
			productName = BuWizzBridgeUITests;
			productReference = 8DBB018829B2CF270071D27C /* BuWizzBridgeUITests.xctest */;
			productType = "com.apple.product-type.bundle.ui-testing";
		};
/* End PBXNativeTarget section */

/* Begin PBXProject section */
		8DBB016529B2CF260071D27C /* Project object */ = {
			isa = PBXProject;
			attributes = {
				BuildIndependentTargetsInParallel = 1;
				LastSwiftUpdateCheck = 1420;
				LastUpgradeCheck = 1420;
				TargetAttributes = {
					8DBB016C29B2CF260071D27C = {
						CreatedOnToolsVersion = 14.2;
					};
					8DBB017D29B2CF270071D27C = {
						CreatedOnToolsVersion = 14.2;
						TestTargetID = 8DBB016C29B2CF260071D27C;
					};
					8DBB018729B2CF270071D27C = {
						CreatedOnToolsVersion = 14.2;
						TestTargetID = 8DBB016C29B2CF260071D27C;
					};
				};
			};
			buildConfigurationList = 8DBB016829B2CF260071D27C /* Build configuration list for PBXProject "BuWizzBridge" */;
			compatibilityVersion = "Xcode 14.0";
			developmentRegion = en;
			hasScannedForEncodings = 0;
			knownRegions = (
				en,
				Base,
			);
			mainGroup = 8DBB016429B2CF260071D27C;
			productRefGroup = 8DBB016E29B2CF260071D27C /* Products */;
			projectDirPath = "";
			projectRoot = "";
			targets = (
				8DBB016C29B2CF260071D27C /* BuWizzBridge */,
				8DBB017D29B2CF270071D27C /* BuWizzBridgeTests */,
				8DBB018729B2CF270071D27C /* BuWizzBridgeUITests */,
			);
		};
/* End PBXProject section */

/* Begin PBXResourcesBuildPhase section */
		8DBB016B29B2CF260071D27C /* Resources */ = {
			isa = PBXResourcesBuildPhase;
			buildActionMask = 2147483647;
			files = (
				8DBB017929B2CF270071D27C /* Preview Assets.xcassets in Resources */,
				8DBB017529B2CF270071D27C /* Assets.xcassets in Resources */,
			);
			runOnlyForDeploymentPostprocessing = 0;
		};
		8DBB017C29B2CF270071D27C /* Resources */ = {
			isa = PBXResourcesBuildPhase;
			buildActionMask = 2147483647;
			files = (
			);
			runOnlyForDeploymentPostprocessing = 0;
		};
		8DBB018629B2CF270071D27C /* Resources */ = {
			isa = PBXResourcesBuildPhase;
			buildActionMask = 2147483647;
			files = (
			);
			runOnlyForDeploymentPostprocessing = 0;
		};
/* End PBXResourcesBuildPhase section */

/* Begin PBXSourcesBuildPhase section */
		8DBB016929B2CF260071D27C /* Sources */ = {
			isa = PBXSourcesBuildPhase;
			buildActionMask = 2147483647;
			files = (
				8DBB01AA29B2CFE30071D27C /* ConnectionManager.swift in Sources */,
				8DE35B4C29B2FC6C0056A7E3 /* Colors.swift in Sources */,
				8DE35B4E29B2FE490056A7E3 /* LogView.swift in Sources */,
				8DE35B5429B4BB550056A7E3 /* Vehicle.swift in Sources */,
				8DBB01A929B2CFE30071D27C /* VehicleBuilder.swift in Sources */,
				8DE35B5229B30AA20056A7E3 /* StatusView.swift in Sources */,
				8DE35B4A29B2FB2F0056A7E3 /* Log.swift in Sources */,
				8DE35B4729B2FAED0056A7E3 /* LogRow.swift in Sources */,
				8DE35B5729B4BEAF0056A7E3 /* SimpleVehicle.swift in Sources */,
				8DBB01AB29B2CFE30071D27C /* VehicleManager.swift in Sources */,
				8DBB01A829B2CFE30071D27C /* BuWizz.swift in Sources */,
				8DBB01AC29B2CFE30071D27C /* GamepadScanner.swift in Sources */,
				8DBB01AD29B2CFE30071D27C /* RalfVehicle.swift in Sources */,
				8DBB01A729B2CFE30071D27C /* ContentView.swift in Sources */,
				8DBB017129B2CF260071D27C /* BuWizzBridgeApp.swift in Sources */,
				8DE35B5029B2FF240056A7E3 /* Event.swift in Sources */,
			);
			runOnlyForDeploymentPostprocessing = 0;
		};
		8DBB017A29B2CF270071D27C /* Sources */ = {
			isa = PBXSourcesBuildPhase;
			buildActionMask = 2147483647;
			files = (
				8DBB018329B2CF270071D27C /* BuWizzBridgeTests.swift in Sources */,
			);
			runOnlyForDeploymentPostprocessing = 0;
		};
		8DBB018429B2CF270071D27C /* Sources */ = {
			isa = PBXSourcesBuildPhase;
			buildActionMask = 2147483647;
			files = (
				8DBB018F29B2CF270071D27C /* BuWizzBridgeUITestsLaunchTests.swift in Sources */,
				8DBB018D29B2CF270071D27C /* BuWizzBridgeUITests.swift in Sources */,
			);
			runOnlyForDeploymentPostprocessing = 0;
		};
/* End PBXSourcesBuildPhase section */

/* Begin PBXTargetDependency section */
		8DBB018029B2CF270071D27C /* PBXTargetDependency */ = {
			isa = PBXTargetDependency;
			target = 8DBB016C29B2CF260071D27C /* BuWizzBridge */;
			targetProxy = 8DBB017F29B2CF270071D27C /* PBXContainerItemProxy */;
		};
		8DBB018A29B2CF270071D27C /* PBXTargetDependency */ = {
			isa = PBXTargetDependency;
			target = 8DBB016C29B2CF260071D27C /* BuWizzBridge */;
			targetProxy = 8DBB018929B2CF270071D27C /* PBXContainerItemProxy */;
		};
/* End PBXTargetDependency section */

/* Begin XCBuildConfiguration section */
		8DBB019029B2CF270071D27C /* Debug */ = {
			isa = XCBuildConfiguration;
			buildSettings = {
				ALWAYS_SEARCH_USER_PATHS = NO;
				CLANG_ANALYZER_NONNULL = YES;
				CLANG_ANALYZER_NUMBER_OBJECT_CONVERSION = YES_AGGRESSIVE;
				CLANG_CXX_LANGUAGE_STANDARD = "gnu++20";
				CLANG_ENABLE_MODULES = YES;
				CLANG_ENABLE_OBJC_ARC = YES;
				CLANG_ENABLE_OBJC_WEAK = YES;
				CLANG_WARN_BLOCK_CAPTURE_AUTORELEASING = YES;
				CLANG_WARN_BOOL_CONVERSION = YES;
				CLANG_WARN_COMMA = YES;
				CLANG_WARN_CONSTANT_CONVERSION = YES;
				CLANG_WARN_DEPRECATED_OBJC_IMPLEMENTATIONS = YES;
				CLANG_WARN_DIRECT_OBJC_ISA_USAGE = YES_ERROR;
				CLANG_WARN_DOCUMENTATION_COMMENTS = YES;
				CLANG_WARN_EMPTY_BODY = YES;
				CLANG_WARN_ENUM_CONVERSION = YES;
				CLANG_WARN_INFINITE_RECURSION = YES;
				CLANG_WARN_INT_CONVERSION = YES;
				CLANG_WARN_NON_LITERAL_NULL_CONVERSION = YES;
				CLANG_WARN_OBJC_IMPLICIT_RETAIN_SELF = YES;
				CLANG_WARN_OBJC_LITERAL_CONVERSION = YES;
				CLANG_WARN_OBJC_ROOT_CLASS = YES_ERROR;
				CLANG_WARN_QUOTED_INCLUDE_IN_FRAMEWORK_HEADER = YES;
				CLANG_WARN_RANGE_LOOP_ANALYSIS = YES;
				CLANG_WARN_STRICT_PROTOTYPES = YES;
				CLANG_WARN_SUSPICIOUS_MOVE = YES;
				CLANG_WARN_UNGUARDED_AVAILABILITY = YES_AGGRESSIVE;
				CLANG_WARN_UNREACHABLE_CODE = YES;
				CLANG_WARN__DUPLICATE_METHOD_MATCH = YES;
				COPY_PHASE_STRIP = NO;
				DEBUG_INFORMATION_FORMAT = dwarf;
				ENABLE_STRICT_OBJC_MSGSEND = YES;
				ENABLE_TESTABILITY = YES;
				GCC_C_LANGUAGE_STANDARD = gnu11;
				GCC_DYNAMIC_NO_PIC = NO;
				GCC_NO_COMMON_BLOCKS = YES;
				GCC_OPTIMIZATION_LEVEL = 0;
				GCC_PREPROCESSOR_DEFINITIONS = (
					"DEBUG=1",
					"$(inherited)",
				);
				GCC_WARN_64_TO_32_BIT_CONVERSION = YES;
				GCC_WARN_ABOUT_RETURN_TYPE = YES_ERROR;
				GCC_WARN_UNDECLARED_SELECTOR = YES;
				GCC_WARN_UNINITIALIZED_AUTOS = YES_AGGRESSIVE;
				GCC_WARN_UNUSED_FUNCTION = YES;
				GCC_WARN_UNUSED_VARIABLE = YES;
				MTL_ENABLE_DEBUG_INFO = INCLUDE_SOURCE;
				MTL_FAST_MATH = YES;
				ONLY_ACTIVE_ARCH = YES;
				SWIFT_ACTIVE_COMPILATION_CONDITIONS = DEBUG;
				SWIFT_OPTIMIZATION_LEVEL = "-Onone";
			};
			name = Debug;
		};
		8DBB019129B2CF270071D27C /* Release */ = {
			isa = XCBuildConfiguration;
			buildSettings = {
				ALWAYS_SEARCH_USER_PATHS = NO;
				CLANG_ANALYZER_NONNULL = YES;
				CLANG_ANALYZER_NUMBER_OBJECT_CONVERSION = YES_AGGRESSIVE;
				CLANG_CXX_LANGUAGE_STANDARD = "gnu++20";
				CLANG_ENABLE_MODULES = YES;
				CLANG_ENABLE_OBJC_ARC = YES;
				CLANG_ENABLE_OBJC_WEAK = YES;
				CLANG_WARN_BLOCK_CAPTURE_AUTORELEASING = YES;
				CLANG_WARN_BOOL_CONVERSION = YES;
				CLANG_WARN_COMMA = YES;
				CLANG_WARN_CONSTANT_CONVERSION = YES;
				CLANG_WARN_DEPRECATED_OBJC_IMPLEMENTATIONS = YES;
				CLANG_WARN_DIRECT_OBJC_ISA_USAGE = YES_ERROR;
				CLANG_WARN_DOCUMENTATION_COMMENTS = YES;
				CLANG_WARN_EMPTY_BODY = YES;
				CLANG_WARN_ENUM_CONVERSION = YES;
				CLANG_WARN_INFINITE_RECURSION = YES;
				CLANG_WARN_INT_CONVERSION = YES;
				CLANG_WARN_NON_LITERAL_NULL_CONVERSION = YES;
				CLANG_WARN_OBJC_IMPLICIT_RETAIN_SELF = YES;
				CLANG_WARN_OBJC_LITERAL_CONVERSION = YES;
				CLANG_WARN_OBJC_ROOT_CLASS = YES_ERROR;
				CLANG_WARN_QUOTED_INCLUDE_IN_FRAMEWORK_HEADER = YES;
				CLANG_WARN_RANGE_LOOP_ANALYSIS = YES;
				CLANG_WARN_STRICT_PROTOTYPES = YES;
				CLANG_WARN_SUSPICIOUS_MOVE = YES;
				CLANG_WARN_UNGUARDED_AVAILABILITY = YES_AGGRESSIVE;
				CLANG_WARN_UNREACHABLE_CODE = YES;
				CLANG_WARN__DUPLICATE_METHOD_MATCH = YES;
				COPY_PHASE_STRIP = NO;
				DEBUG_INFORMATION_FORMAT = "dwarf-with-dsym";
				ENABLE_NS_ASSERTIONS = NO;
				ENABLE_STRICT_OBJC_MSGSEND = YES;
				GCC_C_LANGUAGE_STANDARD = gnu11;
				GCC_NO_COMMON_BLOCKS = YES;
				GCC_WARN_64_TO_32_BIT_CONVERSION = YES;
				GCC_WARN_ABOUT_RETURN_TYPE = YES_ERROR;
				GCC_WARN_UNDECLARED_SELECTOR = YES;
				GCC_WARN_UNINITIALIZED_AUTOS = YES_AGGRESSIVE;
				GCC_WARN_UNUSED_FUNCTION = YES;
				GCC_WARN_UNUSED_VARIABLE = YES;
				MTL_ENABLE_DEBUG_INFO = NO;
				MTL_FAST_MATH = YES;
				SWIFT_COMPILATION_MODE = wholemodule;
				SWIFT_OPTIMIZATION_LEVEL = "-O";
			};
			name = Release;
		};
		8DBB019329B2CF270071D27C /* Debug */ = {
			isa = XCBuildConfiguration;
			buildSettings = {
				ASSETCATALOG_COMPILER_APPICON_NAME = AppIcon;
				ASSETCATALOG_COMPILER_GLOBAL_ACCENT_COLOR_NAME = AccentColor;
				CODE_SIGN_ENTITLEMENTS = BuWizzBridge/BuWizzBridge.entitlements;
				CODE_SIGN_STYLE = Automatic;
				CURRENT_PROJECT_VERSION = 1;
				DEVELOPMENT_ASSET_PATHS = "\"BuWizzBridge/Preview Content\"";
				DEVELOPMENT_TEAM = SV73KUWBVT;
				ENABLE_HARDENED_RUNTIME = YES;
				ENABLE_PREVIEWS = YES;
				GENERATE_INFOPLIST_FILE = YES;
				INFOPLIST_FILE = "";
				INFOPLIST_KEY_NSBluetoothAlwaysUsageDescription = "Connect to BuWizz";
				"INFOPLIST_KEY_UIApplicationSceneManifest_Generation[sdk=iphoneos*]" = YES;
				"INFOPLIST_KEY_UIApplicationSceneManifest_Generation[sdk=iphonesimulator*]" = YES;
				"INFOPLIST_KEY_UIApplicationSupportsIndirectInputEvents[sdk=iphoneos*]" = YES;
				"INFOPLIST_KEY_UIApplicationSupportsIndirectInputEvents[sdk=iphonesimulator*]" = YES;
				"INFOPLIST_KEY_UILaunchScreen_Generation[sdk=iphoneos*]" = YES;
				"INFOPLIST_KEY_UILaunchScreen_Generation[sdk=iphonesimulator*]" = YES;
				"INFOPLIST_KEY_UIStatusBarStyle[sdk=iphoneos*]" = UIStatusBarStyleDefault;
				"INFOPLIST_KEY_UIStatusBarStyle[sdk=iphonesimulator*]" = UIStatusBarStyleDefault;
				INFOPLIST_KEY_UISupportedInterfaceOrientations_iPad = "UIInterfaceOrientationPortrait UIInterfaceOrientationPortraitUpsideDown UIInterfaceOrientationLandscapeLeft UIInterfaceOrientationLandscapeRight";
				INFOPLIST_KEY_UISupportedInterfaceOrientations_iPhone = "UIInterfaceOrientationPortrait UIInterfaceOrientationLandscapeLeft UIInterfaceOrientationLandscapeRight";
				IPHONEOS_DEPLOYMENT_TARGET = 16.2;
				LD_RUNPATH_SEARCH_PATHS = "@executable_path/Frameworks";
				"LD_RUNPATH_SEARCH_PATHS[sdk=macosx*]" = "@executable_path/../Frameworks";
				MACOSX_DEPLOYMENT_TARGET = 13.1;
				MARKETING_VERSION = 1.0;
				PRODUCT_BUNDLE_IDENTIFIER = com.javanwood.BuWizzBridge;
				PRODUCT_NAME = "$(TARGET_NAME)";
				SDKROOT = auto;
				SUPPORTED_PLATFORMS = "iphoneos iphonesimulator macosx";
				SWIFT_EMIT_LOC_STRINGS = YES;
				SWIFT_VERSION = 5.0;
				TARGETED_DEVICE_FAMILY = "1,2";
			};
			name = Debug;
		};
		8DBB019429B2CF270071D27C /* Release */ = {
			isa = XCBuildConfiguration;
			buildSettings = {
				ASSETCATALOG_COMPILER_APPICON_NAME = AppIcon;
				ASSETCATALOG_COMPILER_GLOBAL_ACCENT_COLOR_NAME = AccentColor;
				CODE_SIGN_ENTITLEMENTS = BuWizzBridge/BuWizzBridge.entitlements;
				CODE_SIGN_STYLE = Automatic;
				CURRENT_PROJECT_VERSION = 1;
				DEVELOPMENT_ASSET_PATHS = "\"BuWizzBridge/Preview Content\"";
				DEVELOPMENT_TEAM = SV73KUWBVT;
				ENABLE_HARDENED_RUNTIME = YES;
				ENABLE_PREVIEWS = YES;
				GENERATE_INFOPLIST_FILE = YES;
				INFOPLIST_FILE = "";
				INFOPLIST_KEY_NSBluetoothAlwaysUsageDescription = "Connect to BuWizz";
				"INFOPLIST_KEY_UIApplicationSceneManifest_Generation[sdk=iphoneos*]" = YES;
				"INFOPLIST_KEY_UIApplicationSceneManifest_Generation[sdk=iphonesimulator*]" = YES;
				"INFOPLIST_KEY_UIApplicationSupportsIndirectInputEvents[sdk=iphoneos*]" = YES;
				"INFOPLIST_KEY_UIApplicationSupportsIndirectInputEvents[sdk=iphonesimulator*]" = YES;
				"INFOPLIST_KEY_UILaunchScreen_Generation[sdk=iphoneos*]" = YES;
				"INFOPLIST_KEY_UILaunchScreen_Generation[sdk=iphonesimulator*]" = YES;
				"INFOPLIST_KEY_UIStatusBarStyle[sdk=iphoneos*]" = UIStatusBarStyleDefault;
				"INFOPLIST_KEY_UIStatusBarStyle[sdk=iphonesimulator*]" = UIStatusBarStyleDefault;
				INFOPLIST_KEY_UISupportedInterfaceOrientations_iPad = "UIInterfaceOrientationPortrait UIInterfaceOrientationPortraitUpsideDown UIInterfaceOrientationLandscapeLeft UIInterfaceOrientationLandscapeRight";
				INFOPLIST_KEY_UISupportedInterfaceOrientations_iPhone = "UIInterfaceOrientationPortrait UIInterfaceOrientationLandscapeLeft UIInterfaceOrientationLandscapeRight";
				IPHONEOS_DEPLOYMENT_TARGET = 16.2;
				LD_RUNPATH_SEARCH_PATHS = "@executable_path/Frameworks";
				"LD_RUNPATH_SEARCH_PATHS[sdk=macosx*]" = "@executable_path/../Frameworks";
				MACOSX_DEPLOYMENT_TARGET = 13.1;
				MARKETING_VERSION = 1.0;
				PRODUCT_BUNDLE_IDENTIFIER = com.javanwood.BuWizzBridge;
				PRODUCT_NAME = "$(TARGET_NAME)";
				SDKROOT = auto;
				SUPPORTED_PLATFORMS = "iphoneos iphonesimulator macosx";
				SWIFT_EMIT_LOC_STRINGS = YES;
				SWIFT_VERSION = 5.0;
				TARGETED_DEVICE_FAMILY = "1,2";
			};
			name = Release;
		};
		8DBB019629B2CF270071D27C /* Debug */ = {
			isa = XCBuildConfiguration;
			buildSettings = {
				ALWAYS_EMBED_SWIFT_STANDARD_LIBRARIES = YES;
				BUNDLE_LOADER = "$(TEST_HOST)";
				CODE_SIGN_STYLE = Automatic;
				CURRENT_PROJECT_VERSION = 1;
				DEVELOPMENT_TEAM = SV73KUWBVT;
				GENERATE_INFOPLIST_FILE = YES;
				IPHONEOS_DEPLOYMENT_TARGET = 16.2;
				MACOSX_DEPLOYMENT_TARGET = 13.1;
				MARKETING_VERSION = 1.0;
				PRODUCT_BUNDLE_IDENTIFIER = com.javanwood.BuWizzBridgeTests;
				PRODUCT_NAME = "$(TARGET_NAME)";
				SDKROOT = auto;
				SUPPORTED_PLATFORMS = "iphoneos iphonesimulator macosx";
				SWIFT_EMIT_LOC_STRINGS = NO;
				SWIFT_VERSION = 5.0;
				TARGETED_DEVICE_FAMILY = "1,2";
				TEST_HOST = "$(BUILT_PRODUCTS_DIR)/BuWizzBridge.app/$(BUNDLE_EXECUTABLE_FOLDER_PATH)/BuWizzBridge";
			};
			name = Debug;
		};
		8DBB019729B2CF270071D27C /* Release */ = {
			isa = XCBuildConfiguration;
			buildSettings = {
				ALWAYS_EMBED_SWIFT_STANDARD_LIBRARIES = YES;
				BUNDLE_LOADER = "$(TEST_HOST)";
				CODE_SIGN_STYLE = Automatic;
				CURRENT_PROJECT_VERSION = 1;
				DEVELOPMENT_TEAM = SV73KUWBVT;
				GENERATE_INFOPLIST_FILE = YES;
				IPHONEOS_DEPLOYMENT_TARGET = 16.2;
				MACOSX_DEPLOYMENT_TARGET = 13.1;
				MARKETING_VERSION = 1.0;
				PRODUCT_BUNDLE_IDENTIFIER = com.javanwood.BuWizzBridgeTests;
				PRODUCT_NAME = "$(TARGET_NAME)";
				SDKROOT = auto;
				SUPPORTED_PLATFORMS = "iphoneos iphonesimulator macosx";
				SWIFT_EMIT_LOC_STRINGS = NO;
				SWIFT_VERSION = 5.0;
				TARGETED_DEVICE_FAMILY = "1,2";
				TEST_HOST = "$(BUILT_PRODUCTS_DIR)/BuWizzBridge.app/$(BUNDLE_EXECUTABLE_FOLDER_PATH)/BuWizzBridge";
			};
			name = Release;
		};
		8DBB019929B2CF270071D27C /* Debug */ = {
			isa = XCBuildConfiguration;
			buildSettings = {
				ALWAYS_EMBED_SWIFT_STANDARD_LIBRARIES = YES;
				CODE_SIGN_STYLE = Automatic;
				CURRENT_PROJECT_VERSION = 1;
				DEVELOPMENT_TEAM = SV73KUWBVT;
				GENERATE_INFOPLIST_FILE = YES;
				IPHONEOS_DEPLOYMENT_TARGET = 16.2;
				MACOSX_DEPLOYMENT_TARGET = 13.1;
				MARKETING_VERSION = 1.0;
				PRODUCT_BUNDLE_IDENTIFIER = com.javanwood.BuWizzBridgeUITests;
				PRODUCT_NAME = "$(TARGET_NAME)";
				SDKROOT = auto;
				SUPPORTED_PLATFORMS = "iphoneos iphonesimulator macosx";
				SWIFT_EMIT_LOC_STRINGS = NO;
				SWIFT_VERSION = 5.0;
				TARGETED_DEVICE_FAMILY = "1,2";
				TEST_TARGET_NAME = BuWizzBridge;
			};
			name = Debug;
		};
		8DBB019A29B2CF270071D27C /* Release */ = {
			isa = XCBuildConfiguration;
			buildSettings = {
				ALWAYS_EMBED_SWIFT_STANDARD_LIBRARIES = YES;
				CODE_SIGN_STYLE = Automatic;
				CURRENT_PROJECT_VERSION = 1;
				DEVELOPMENT_TEAM = SV73KUWBVT;
				GENERATE_INFOPLIST_FILE = YES;
				IPHONEOS_DEPLOYMENT_TARGET = 16.2;
				MACOSX_DEPLOYMENT_TARGET = 13.1;
				MARKETING_VERSION = 1.0;
				PRODUCT_BUNDLE_IDENTIFIER = com.javanwood.BuWizzBridgeUITests;
				PRODUCT_NAME = "$(TARGET_NAME)";
				SDKROOT = auto;
				SUPPORTED_PLATFORMS = "iphoneos iphonesimulator macosx";
				SWIFT_EMIT_LOC_STRINGS = NO;
				SWIFT_VERSION = 5.0;
				TARGETED_DEVICE_FAMILY = "1,2";
				TEST_TARGET_NAME = BuWizzBridge;
			};
			name = Release;
		};
/* End XCBuildConfiguration section */

/* Begin XCConfigurationList section */
		8DBB016829B2CF260071D27C /* Build configuration list for PBXProject "BuWizzBridge" */ = {
			isa = XCConfigurationList;
			buildConfigurations = (
				8DBB019029B2CF270071D27C /* Debug */,
				8DBB019129B2CF270071D27C /* Release */,
			);
			defaultConfigurationIsVisible = 0;
			defaultConfigurationName = Release;
		};
		8DBB019229B2CF270071D27C /* Build configuration list for PBXNativeTarget "BuWizzBridge" */ = {
			isa = XCConfigurationList;
			buildConfigurations = (
				8DBB019329B2CF270071D27C /* Debug */,
				8DBB019429B2CF270071D27C /* Release */,
			);
			defaultConfigurationIsVisible = 0;
			defaultConfigurationName = Release;
		};
		8DBB019529B2CF270071D27C /* Build configuration list for PBXNativeTarget "BuWizzBridgeTests" */ = {
			isa = XCConfigurationList;
			buildConfigurations = (
				8DBB019629B2CF270071D27C /* Debug */,
				8DBB019729B2CF270071D27C /* Release */,
			);
			defaultConfigurationIsVisible = 0;
			defaultConfigurationName = Release;
		};
		8DBB019829B2CF270071D27C /* Build configuration list for PBXNativeTarget "BuWizzBridgeUITests" */ = {
			isa = XCConfigurationList;
			buildConfigurations = (
				8DBB019929B2CF270071D27C /* Debug */,
				8DBB019A29B2CF270071D27C /* Release */,
			);
			defaultConfigurationIsVisible = 0;
			defaultConfigurationName = Release;
		};
/* End XCConfigurationList section */
	};
	rootObject = 8DBB016529B2CF260071D27C /* Project object */;
}
